
Microsoft Visual Studio Solution File, Format Version 12.00
# Visual Studio Version 17
VisualStudioVersion = 17.2.32516.85
MinimumVisualStudioVersion = 10.0.40219.1
Project("{9A19103F-16F7-4668-BE54-9A1E7A4F7556}") = "NorthwindsPractice", "NorthwindsPractice\NorthwindsPractice.csproj", "{E9DDE200-5878-4A8D-9415-D2D99526F034}"
EndProject
Project("{FAE04EC0-301F-11D3-BF4B-00C04F79EFBC}") = "NorthwindService", "NorthwindService\NorthwindService.csproj", "{5468AF9B-1C0C-43D9-BCC1-D572313597DF}"
EndProject
Project("{2150E333-8FDC-42A3-9474-1A3956D46DE8}") = "1.Service", "1.Service", "{3865BB08-B040-47CC-93D0-273177D892C0}"
EndProject
Project("{2150E333-8FDC-42A3-9474-1A3956D46DE8}") = "2.Repository", "2.Repository", "{141D116F-44BA-44F0-B1ED-4D7EF9460DCA}"
EndProject
Project("{2150E333-8FDC-42A3-9474-1A3956D46DE8}") = "0.Application", "0.Application", "{D6B35945-6F45-4BA9-A6A3-3F7C382F1103}"
EndProject
Project("{FAE04EC0-301F-11D3-BF4B-00C04F79EFBC}") = "NorthwindRepository", "NorthwindRepository\NorthwindRepository.csproj", "{A12C8FBC-A444-40F3-BE09-E22ED6815291}"
EndProject
Global
	GlobalSection(SolutionConfigurationPlatforms) = preSolution
		Debug|Any CPU = Debug|Any CPU
		Release|Any CPU = Release|Any CPU
	EndGlobalSection
	GlobalSection(ProjectConfigurationPlatforms) = postSolution
		{E9DDE200-5878-4A8D-9415-D2D99526F034}.Debug|Any CPU.ActiveCfg = Debug|Any CPU
		{E9DDE200-5878-4A8D-9415-D2D99526F034}.Debug|Any CPU.Build.0 = Debug|Any CPU
		{E9DDE200-5878-4A8D-9415-D2D99526F034}.Release|Any CPU.ActiveCfg = Release|Any CPU
		{E9DDE200-5878-4A8D-9415-D2D99526F034}.Release|Any CPU.Build.0 = Release|Any CPU
		{5468AF9B-1C0C-43D9-BCC1-D572313597DF}.Debug|Any CPU.ActiveCfg = Debug|Any CPU
		{5468AF9B-1C0C-43D9-BCC1-D572313597DF}.Debug|Any CPU.Build.0 = Debug|Any CPU
		{5468AF9B-1C0C-43D9-BCC1-D572313597DF}.Release|Any CPU.ActiveCfg = Release|Any CPU
		{5468AF9B-1C0C-43D9-BCC1-D572313597DF}.Release|Any CPU.Build.0 = Release|Any CPU
		{A12C8FBC-A444-40F3-BE09-E22ED6815291}.Debug|Any CPU.ActiveCfg = Debug|Any CPU
		{A12C8FBC-A444-40F3-BE09-E22ED6815291}.Debug|Any CPU.Build.0 = Debug|Any CPU
		{A12C8FBC-A444-40F3-BE09-E22ED6815291}.Release|Any CPU.ActiveCfg = Release|Any CPU
		{A12C8FBC-A444-40F3-BE09-E22ED6815291}.Release|Any CPU.Build.0 = Release|Any CPU
	EndGlobalSection
	GlobalSection(SolutionProperties) = preSolution
		HideSolutionNode = FALSE
	EndGlobalSection
	GlobalSection(NestedProjects) = preSolution
		{E9DDE200-5878-4A8D-9415-D2D99526F034} = {D6B35945-6F45-4BA9-A6A3-3F7C382F1103}
		{5468AF9B-1C0C-43D9-BCC1-D572313597DF} = {3865BB08-B040-47CC-93D0-273177D892C0}
		{A12C8FBC-A444-40F3-BE09-E22ED6815291} = {141D116F-44BA-44F0-B1ED-4D7EF9460DCA}
	EndGlobalSection
	GlobalSection(ExtensibilityGlobals) = postSolution
		SolutionGuid = {A4CFC4A3-FB33-4DD2-BDED-86CBEE9AA83B}
	EndGlobalSection
EndGlobal
